// !$*UTF8*$!
{
	archiveVersion = 1;
	classes = {
	};
	objectVersion = 77;
	objects = {

/* Begin PBXBuildFile section */
		3A0527912E02B40B0039EEC8 /* PriceDetailView.swift in Sources */ = {isa = PBXBuildFile; fileRef = 3A0527902E02B4020039EEC8 /* PriceDetailView.swift */; };
		3A0527932E02B4140039EEC8 /* PriceDetailCardView.swift in Sources */ = {isa = PBXBuildFile; fileRef = 3A0527922E02B40F0039EEC8 /* PriceDetailCardView.swift */; };
		3A0527972E02B4300039EEC8 /* PriceEstimatorView.swift in Sources */ = {isa = PBXBuildFile; fileRef = 3A0527962E02B42C0039EEC8 /* PriceEstimatorView.swift */; };
		3A05279A2E02B5430039EEC8 /* ListingItem.swift in Sources */ = {isa = PBXBuildFile; fileRef = 3A0527992E02B5410039EEC8 /* ListingItem.swift */; };
		3A05279C2E02BBEA0039EEC8 /* PriceDetailViewModel.swift in Sources */ = {isa = PBXBuildFile; fileRef = 3A05279B2E02BBE70039EEC8 /* PriceDetailViewModel.swift */; };
		3A05279E2E02C8F70039EEC8 /* PriceDetailAPI.swift in Sources */ = {isa = PBXBuildFile; fileRef = 3A05279D2E02C8F40039EEC8 /* PriceDetailAPI.swift */; };
		3A56B2C92DD5E72B008C2BE1 /* Localization.swift in Sources */ = {isa = PBXBuildFile; fileRef = 3A90F5FC2DD5DFDB00519994 /* Localization.swift */; };
		3A56B2EB2DDADBAC008C2BE1 /* Localizable.strings in Resources */ = {isa = PBXBuildFile; fileRef = 3A56B2E92DDADBAC008C2BE1 /* Localizable.strings */; };
		3A56B2EF2DDADF52008C2BE1 /* Localizable.strings in Resources */ = {isa = PBXBuildFile; fileRef = 3A56B2ED2DDADF52008C2BE1 /* Localizable.strings */; };
		3A56B2F22DDB1853008C2BE1 /* SectionTemplates.swift in Sources */ = {isa = PBXBuildFile; fileRef = 3A56B2F12DDB1853008C2BE1 /* SectionTemplates.swift */; };
		3A56B2F42DDC25CF008C2BE1 /* ImagePicker.swift in Sources */ = {isa = PBXBuildFile; fileRef = 3A56B2F32DDC25CE008C2BE1 /* ImagePicker.swift */; };
		3A5D0DD92DAFCD410036040E /* NoteDetailContentView.swift in Sources */ = {isa = PBXBuildFile; fileRef = 3A5D0DD82DAFCD3E0036040E /* NoteDetailContentView.swift */; };
		3A5D0DDB2DB094FC0036040E /* SectionCardView.swift in Sources */ = {isa = PBXBuildFile; fileRef = 3A5D0DDA2DB094F90036040E /* SectionCardView.swift */; };
		3A6205202D5350CB00B0507E /* Preview Assets.xcassets in Resources */ = {isa = PBXBuildFile; fileRef = 3A62050C2D5350CB00B0507E /* Preview Assets.xcassets */; };
		3A6205212D5350CB00B0507E /* Assets.xcassets in Resources */ = {isa = PBXBuildFile; fileRef = 3A6205192D5350CB00B0507E /* Assets.xcassets */; };
		3A6205222D5350CB00B0507E /* BackButton.swift in Sources */ = {isa = PBXBuildFile; fileRef = 3A62050E2D5350CB00B0507E /* BackButton.swift */; };
		3A6205232D5350CB00B0507E /* LockButton.swift in Sources */ = {isa = PBXBuildFile; fileRef = 3A62050F2D5350CB00B0507E /* LockButton.swift */; };
		3A6205242D5350CB00B0507E /* SaveButton.swift in Sources */ = {isa = PBXBuildFile; fileRef = 3A6205102D5350CB00B0507E /* SaveButton.swift */; };
		3A6205252D5350CB00B0507E /* EditableNavTitleView.swift in Sources */ = {isa = PBXBuildFile; fileRef = 3A6205122D5350CB00B0507E /* EditableNavTitleView.swift */; };
		3A6205262D5350CB00B0507E /* HeaderControlsView.swift in Sources */ = {isa = PBXBuildFile; fileRef = 3A6205132D5350CB00B0507E /* HeaderControlsView.swift */; };
		3A6205272D5350CB00B0507E /* NoteDetailSectionsView.swift in Sources */ = {isa = PBXBuildFile; fileRef = 3A6205142D5350CB00B0507E /* NoteDetailSectionsView.swift */; };
		3A6205282D5350CB00B0507E /* ScoreView.swift in Sources */ = {isa = PBXBuildFile; fileRef = 3A6205152D5350CB00B0507E /* ScoreView.swift */; };
		3A6205292D5350CB00B0507E /* NoteDetailView.swift in Sources */ = {isa = PBXBuildFile; fileRef = 3A6205172D5350CB00B0507E /* NoteDetailView.swift */; };
		3A62052B2D5350CB00B0507E /* HouseNoteApp.swift in Sources */ = {isa = PBXBuildFile; fileRef = 3A62051B2D5350CB00B0507E /* HouseNoteApp.swift */; };
		3A62052D2D5350CB00B0507E /* PropertyModels.swift in Sources */ = {isa = PBXBuildFile; fileRef = 3A62051D2D5350CB00B0507E /* PropertyModels.swift */; };
		3A62052E2D5350CB00B0507E /* NoteDetailViewModel.swift in Sources */ = {isa = PBXBuildFile; fileRef = 3A62051E2D5350CB00B0507E /* NoteDetailViewModel.swift */; };
		3A62056A2D55996C00B0507E /* PhotoSectionView.swift in Sources */ = {isa = PBXBuildFile; fileRef = 3A6205692D55996900B0507E /* PhotoSectionView.swift */; };
		3A6F6CF32E00FB7D0006F945 /* MainTabView.swift in Sources */ = {isa = PBXBuildFile; fileRef = 3A6F6CF12E00FB7D0006F945 /* MainTabView.swift */; };
		3A6F6CF82E00FB7D0006F945 /* Binding+extension.swift in Sources */ = {isa = PBXBuildFile; fileRef = 3A6F6CF62E00FB7D0006F945 /* Binding+extension.swift */; };
		3A6F6CF92E00FB7D0006F945 /* UIView+extension.swift in Sources */ = {isa = PBXBuildFile; fileRef = 3A6F6CF72E00FB7D0006F945 /* UIView+extension.swift */; };
		3A6F6CFB2E01403D0006F945 /* TextFieldRenderer.swift in Sources */ = {isa = PBXBuildFile; fileRef = 3A6F6CFA2E01403C0006F945 /* TextFieldRenderer.swift */; };
		3A6F6CFD2E01410F0006F945 /* RowValueRenderer.swift in Sources */ = {isa = PBXBuildFile; fileRef = 3A6F6CFC2E01410E0006F945 /* RowValueRenderer.swift */; };
		3A6F6CFF2E01416D0006F945 /* MultiPickerRenderer.swift in Sources */ = {isa = PBXBuildFile; fileRef = 3A6F6CFE2E01416B0006F945 /* MultiPickerRenderer.swift */; };
		3A6F6D012E0143960006F945 /* TagSelectorRenderer.swift in Sources */ = {isa = PBXBuildFile; fileRef = 3A6F6D002E0143940006F945 /* TagSelectorRenderer.swift */; };
		3A6F6D032E0146320006F945 /* SliderRenderer.swift in Sources */ = {isa = PBXBuildFile; fileRef = 3A6F6D022E0146230006F945 /* SliderRenderer.swift */; };
		3A6F6D052E0147530006F945 /* ToggleRenderer.swift in Sources */ = {isa = PBXBuildFile; fileRef = 3A6F6D042E0147520006F945 /* ToggleRenderer.swift */; };
		3A6F6D072E01486C0006F945 /* NumberFieldRenderer.swift in Sources */ = {isa = PBXBuildFile; fileRef = 3A6F6D062E0148610006F945 /* NumberFieldRenderer.swift */; };
		3A6F6D0C2E0153F50006F945 /* Color+Theme.swift in Sources */ = {isa = PBXBuildFile; fileRef = 3A6F6D0B2E0153F00006F945 /* Color+Theme.swift */; };
		3AA4BA082DB8CCCB00679E3B /* PropertyNotesDependency+Live.swift in Sources */ = {isa = PBXBuildFile; fileRef = 3AA4BA072DB8CCC300679E3B /* PropertyNotesDependency+Live.swift */; };
		3AB06A192DD2EBF70067B739 /* TagSelectorView.swift in Sources */ = {isa = PBXBuildFile; fileRef = 3AB06A182DD2EBF50067B739 /* TagSelectorView.swift */; };
		3AC849872DB1643700F7DB55 /* MultiFieldNumberPickerView.swift in Sources */ = {isa = PBXBuildFile; fileRef = 3AC849862DB1643300F7DB55 /* MultiFieldNumberPickerView.swift */; };
		3AC8498A2DB1E9A800F7DB55 /* FormPickerModels.swift in Sources */ = {isa = PBXBuildFile; fileRef = 3AC849892DB1E9A600F7DB55 /* FormPickerModels.swift */; };
		3AF945AF2DE3F2D800FF8FA6 /* PropertyListView.swift in Sources */ = {isa = PBXBuildFile; fileRef = 3AF945AB2DE3F2D800FF8FA6 /* PropertyListView.swift */; };
		3AF945BA2DE407B500FF8FA6 /* NotesViewModel.swift in Sources */ = {isa = PBXBuildFile; fileRef = 3AF945B92DE407B300FF8FA6 /* NotesViewModel.swift */; };
		3AF945F32DED951A00FF8FA6 /* HouseNote.xcdatamodeld in Sources */ = {isa = PBXBuildFile; fileRef = 3AF945F12DED951A00FF8FA6 /* HouseNote.xcdatamodeld */; };
/* End PBXBuildFile section */

/* Begin PBXFileReference section */
		3A0527902E02B4020039EEC8 /* PriceDetailView.swift */ = {isa = PBXFileReference; lastKnownFileType = sourcecode.swift; path = PriceDetailView.swift; sourceTree = "<group>"; };
		3A0527922E02B40F0039EEC8 /* PriceDetailCardView.swift */ = {isa = PBXFileReference; lastKnownFileType = sourcecode.swift; path = PriceDetailCardView.swift; sourceTree = "<group>"; };
		3A0527962E02B42C0039EEC8 /* PriceEstimatorView.swift */ = {isa = PBXFileReference; lastKnownFileType = sourcecode.swift; path = PriceEstimatorView.swift; sourceTree = "<group>"; };
		3A0527992E02B5410039EEC8 /* ListingItem.swift */ = {isa = PBXFileReference; lastKnownFileType = sourcecode.swift; path = ListingItem.swift; sourceTree = "<group>"; };
		3A05279B2E02BBE70039EEC8 /* PriceDetailViewModel.swift */ = {isa = PBXFileReference; lastKnownFileType = sourcecode.swift; path = PriceDetailViewModel.swift; sourceTree = "<group>"; };
		3A05279D2E02C8F40039EEC8 /* PriceDetailAPI.swift */ = {isa = PBXFileReference; lastKnownFileType = sourcecode.swift; path = PriceDetailAPI.swift; sourceTree = "<group>"; };
		3A56B2EA2DDADBAC008C2BE1 /* en */ = {isa = PBXFileReference; lastKnownFileType = text.plist.strings; name = en; path = Localizable.strings; sourceTree = "<group>"; };
		3A56B2EE2DDADF52008C2BE1 /* zh-Hant */ = {isa = PBXFileReference; lastKnownFileType = text.plist.strings; name = "zh-Hant"; path = Localizable.strings; sourceTree = "<group>"; };
		3A56B2F12DDB1853008C2BE1 /* SectionTemplates.swift */ = {isa = PBXFileReference; lastKnownFileType = sourcecode.swift; path = SectionTemplates.swift; sourceTree = "<group>"; };
		3A56B2F32DDC25CE008C2BE1 /* ImagePicker.swift */ = {isa = PBXFileReference; lastKnownFileType = sourcecode.swift; path = ImagePicker.swift; sourceTree = "<group>"; };
		3A5D0DD82DAFCD3E0036040E /* NoteDetailContentView.swift */ = {isa = PBXFileReference; lastKnownFileType = sourcecode.swift; path = NoteDetailContentView.swift; sourceTree = "<group>"; };
		3A5D0DDA2DB094F90036040E /* SectionCardView.swift */ = {isa = PBXFileReference; lastKnownFileType = sourcecode.swift; path = SectionCardView.swift; sourceTree = "<group>"; };
		3A62050C2D5350CB00B0507E /* Preview Assets.xcassets */ = {isa = PBXFileReference; lastKnownFileType = folder.assetcatalog; path = "Preview Assets.xcassets"; sourceTree = "<group>"; };
		3A62050E2D5350CB00B0507E /* BackButton.swift */ = {isa = PBXFileReference; lastKnownFileType = sourcecode.swift; path = BackButton.swift; sourceTree = "<group>"; };
		3A62050F2D5350CB00B0507E /* LockButton.swift */ = {isa = PBXFileReference; lastKnownFileType = sourcecode.swift; path = LockButton.swift; sourceTree = "<group>"; };
		3A6205102D5350CB00B0507E /* SaveButton.swift */ = {isa = PBXFileReference; lastKnownFileType = sourcecode.swift; path = SaveButton.swift; sourceTree = "<group>"; };
		3A6205122D5350CB00B0507E /* EditableNavTitleView.swift */ = {isa = PBXFileReference; lastKnownFileType = sourcecode.swift; path = EditableNavTitleView.swift; sourceTree = "<group>"; };
		3A6205132D5350CB00B0507E /* HeaderControlsView.swift */ = {isa = PBXFileReference; lastKnownFileType = sourcecode.swift; path = HeaderControlsView.swift; sourceTree = "<group>"; };
		3A6205142D5350CB00B0507E /* NoteDetailSectionsView.swift */ = {isa = PBXFileReference; lastKnownFileType = sourcecode.swift; path = NoteDetailSectionsView.swift; sourceTree = "<group>"; };
		3A6205152D5350CB00B0507E /* ScoreView.swift */ = {isa = PBXFileReference; lastKnownFileType = sourcecode.swift; path = ScoreView.swift; sourceTree = "<group>"; };
		3A6205172D5350CB00B0507E /* NoteDetailView.swift */ = {isa = PBXFileReference; lastKnownFileType = sourcecode.swift; path = NoteDetailView.swift; sourceTree = "<group>"; };
		3A6205192D5350CB00B0507E /* Assets.xcassets */ = {isa = PBXFileReference; lastKnownFileType = folder.assetcatalog; path = Assets.xcassets; sourceTree = "<group>"; };
		3A62051B2D5350CB00B0507E /* HouseNoteApp.swift */ = {isa = PBXFileReference; lastKnownFileType = sourcecode.swift; path = HouseNoteApp.swift; sourceTree = "<group>"; };
		3A62051D2D5350CB00B0507E /* PropertyModels.swift */ = {isa = PBXFileReference; lastKnownFileType = sourcecode.swift; path = PropertyModels.swift; sourceTree = "<group>"; };
		3A62051E2D5350CB00B0507E /* NoteDetailViewModel.swift */ = {isa = PBXFileReference; lastKnownFileType = sourcecode.swift; path = NoteDetailViewModel.swift; sourceTree = "<group>"; };
		3A6205692D55996900B0507E /* PhotoSectionView.swift */ = {isa = PBXFileReference; lastKnownFileType = sourcecode.swift; path = PhotoSectionView.swift; sourceTree = "<group>"; };
		3A6F6CF12E00FB7D0006F945 /* MainTabView.swift */ = {isa = PBXFileReference; lastKnownFileType = sourcecode.swift; path = MainTabView.swift; sourceTree = "<group>"; };
		3A6F6CF62E00FB7D0006F945 /* Binding+extension.swift */ = {isa = PBXFileReference; lastKnownFileType = sourcecode.swift; path = "Binding+extension.swift"; sourceTree = "<group>"; };
		3A6F6CF72E00FB7D0006F945 /* UIView+extension.swift */ = {isa = PBXFileReference; lastKnownFileType = sourcecode.swift; path = "UIView+extension.swift"; sourceTree = "<group>"; };
		3A6F6CFA2E01403C0006F945 /* TextFieldRenderer.swift */ = {isa = PBXFileReference; lastKnownFileType = sourcecode.swift; path = TextFieldRenderer.swift; sourceTree = "<group>"; };
		3A6F6CFC2E01410E0006F945 /* RowValueRenderer.swift */ = {isa = PBXFileReference; lastKnownFileType = sourcecode.swift; path = RowValueRenderer.swift; sourceTree = "<group>"; };
		3A6F6CFE2E01416B0006F945 /* MultiPickerRenderer.swift */ = {isa = PBXFileReference; lastKnownFileType = sourcecode.swift; path = MultiPickerRenderer.swift; sourceTree = "<group>"; };
		3A6F6D002E0143940006F945 /* TagSelectorRenderer.swift */ = {isa = PBXFileReference; lastKnownFileType = sourcecode.swift; path = TagSelectorRenderer.swift; sourceTree = "<group>"; };
		3A6F6D022E0146230006F945 /* SliderRenderer.swift */ = {isa = PBXFileReference; lastKnownFileType = sourcecode.swift; path = SliderRenderer.swift; sourceTree = "<group>"; };
		3A6F6D042E0147520006F945 /* ToggleRenderer.swift */ = {isa = PBXFileReference; lastKnownFileType = sourcecode.swift; path = ToggleRenderer.swift; sourceTree = "<group>"; };
		3A6F6D062E0148610006F945 /* NumberFieldRenderer.swift */ = {isa = PBXFileReference; lastKnownFileType = sourcecode.swift; path = NumberFieldRenderer.swift; sourceTree = "<group>"; };
		3A6F6D0B2E0153F00006F945 /* Color+Theme.swift */ = {isa = PBXFileReference; lastKnownFileType = sourcecode.swift; path = "Color+Theme.swift"; sourceTree = "<group>"; };
		3A90F5FC2DD5DFDB00519994 /* Localization.swift */ = {isa = PBXFileReference; lastKnownFileType = sourcecode.swift; path = Localization.swift; sourceTree = "<group>"; };
		3A9EEAF82D51FA2A008A06F2 /* HouseNote.app */ = {isa = PBXFileReference; explicitFileType = wrapper.application; includeInIndex = 0; path = HouseNote.app; sourceTree = BUILT_PRODUCTS_DIR; };
		3AA4BA072DB8CCC300679E3B /* PropertyNotesDependency+Live.swift */ = {isa = PBXFileReference; lastKnownFileType = sourcecode.swift; path = "PropertyNotesDependency+Live.swift"; sourceTree = "<group>"; };
		3AB06A182DD2EBF50067B739 /* TagSelectorView.swift */ = {isa = PBXFileReference; lastKnownFileType = sourcecode.swift; path = TagSelectorView.swift; sourceTree = "<group>"; };
		3AC849862DB1643300F7DB55 /* MultiFieldNumberPickerView.swift */ = {isa = PBXFileReference; lastKnownFileType = sourcecode.swift; path = MultiFieldNumberPickerView.swift; sourceTree = "<group>"; };
		3AC849892DB1E9A600F7DB55 /* FormPickerModels.swift */ = {isa = PBXFileReference; lastKnownFileType = sourcecode.swift; path = FormPickerModels.swift; sourceTree = "<group>"; };
		3AF945AB2DE3F2D800FF8FA6 /* PropertyListView.swift */ = {isa = PBXFileReference; lastKnownFileType = sourcecode.swift; path = PropertyListView.swift; sourceTree = "<group>"; };
		3AF945B92DE407B300FF8FA6 /* NotesViewModel.swift */ = {isa = PBXFileReference; lastKnownFileType = sourcecode.swift; path = NotesViewModel.swift; sourceTree = "<group>"; };
		3AF945F22DED951A00FF8FA6 /* HouseNote.xcdatamodel */ = {isa = PBXFileReference; lastKnownFileType = wrapper.xcdatamodel; path = HouseNote.xcdatamodel; sourceTree = "<group>"; };
/* End PBXFileReference section */

/* Begin PBXFileSystemSynchronizedRootGroup section */
		3AF945B72DE4079200FF8FA6 /* Model */ = {
			isa = PBXFileSystemSynchronizedRootGroup;
			path = Model;
			sourceTree = "<group>";
		};
/* End PBXFileSystemSynchronizedRootGroup section */

/* Begin PBXFrameworksBuildPhase section */
		3A9EEAF52D51FA2A008A06F2 /* Frameworks */ = {
			isa = PBXFrameworksBuildPhase;
			buildActionMask = 2147483647;
			files = (
			);
			runOnlyForDeploymentPostprocessing = 0;
		};
/* End PBXFrameworksBuildPhase section */

/* Begin PBXGroup section */
		3A05278F2E02B3EC0039EEC8 /* PriceDetail */ = {
			isa = PBXGroup;
			children = (
				3A05279D2E02C8F40039EEC8 /* PriceDetailAPI.swift */,
				3A0527982E02B5320039EEC8 /* Model */,
				3A0527962E02B42C0039EEC8 /* PriceEstimatorView.swift */,
				3A0527902E02B4020039EEC8 /* PriceDetailView.swift */,
				3A05279B2E02BBE70039EEC8 /* PriceDetailViewModel.swift */,
				3A0527922E02B40F0039EEC8 /* PriceDetailCardView.swift */,
			);
			path = PriceDetail;
			sourceTree = "<group>";
		};
		3A0527982E02B5320039EEC8 /* Model */ = {
			isa = PBXGroup;
			children = (
				3A0527992E02B5410039EEC8 /* ListingItem.swift */,
			);
			path = Model;
			sourceTree = "<group>";
		};
		3A5D0DD72DAF95E80036040E /* HeaderView */ = {
			isa = PBXGroup;
			children = (
				3A6205132D5350CB00B0507E /* HeaderControlsView.swift */,
				3A6205152D5350CB00B0507E /* ScoreView.swift */,
				3A6205692D55996900B0507E /* PhotoSectionView.swift */,
			);
			path = HeaderView;
			sourceTree = "<group>";
		};
		3A62050D2D5350CB00B0507E /* Preview Content */ = {
			isa = PBXGroup;
			children = (
				3A62050C2D5350CB00B0507E /* Preview Assets.xcassets */,
			);
			path = "Preview Content";
			sourceTree = "<group>";
		};
		3A6205112D5350CB00B0507E /* NavigationViews */ = {
			isa = PBXGroup;
			children = (
				3A62050E2D5350CB00B0507E /* BackButton.swift */,
				3A62050F2D5350CB00B0507E /* LockButton.swift */,
				3A6205102D5350CB00B0507E /* SaveButton.swift */,
			);
			path = NavigationViews;
			sourceTree = "<group>";
		};
		3A6205182D5350CB00B0507E /* Views */ = {
			isa = PBXGroup;
			children = (
				3A6205112D5350CB00B0507E /* NavigationViews */,
				3A5D0DD72DAF95E80036040E /* HeaderView */,
				3A6205172D5350CB00B0507E /* NoteDetailView.swift */,
				3A5D0DD82DAFCD3E0036040E /* NoteDetailContentView.swift */,
				3A6205142D5350CB00B0507E /* NoteDetailSectionsView.swift */,
				3A62056B2D55AE9400B0507E /* Component */,
			);
			path = Views;
			sourceTree = "<group>";
		};
		3A62051F2D5350CB00B0507E /* HouseNote */ = {
			isa = PBXGroup;
			children = (
				3A62051B2D5350CB00B0507E /* HouseNoteApp.swift */,
				3AF945EF2DED94AA00FF8FA6 /* Data */,
				3AA4B9FD2DB8C83200679E3B /* Features */,
				3AC849882DB1E99A00F7DB55 /* Shared */,
				3A62050D2D5350CB00B0507E /* Preview Content */,
				3A6205192D5350CB00B0507E /* Assets.xcassets */,
			);
			path = HouseNote;
			sourceTree = "<group>";
		};
		3A62056B2D55AE9400B0507E /* Component */ = {
			isa = PBXGroup;
			children = (
				3A5D0DDA2DB094F90036040E /* SectionCardView.swift */,
				3A6F6CFC2E01410E0006F945 /* RowValueRenderer.swift */,
				3A6F6CFA2E01403C0006F945 /* TextFieldRenderer.swift */,
				3A6F6D062E0148610006F945 /* NumberFieldRenderer.swift */,
				3A6F6CFE2E01416B0006F945 /* MultiPickerRenderer.swift */,
				3A6F6D002E0143940006F945 /* TagSelectorRenderer.swift */,
				3A6F6D022E0146230006F945 /* SliderRenderer.swift */,
				3A6F6D042E0147520006F945 /* ToggleRenderer.swift */,
				3A56B2F32DDC25CE008C2BE1 /* ImagePicker.swift */,
				3AB06A182DD2EBF50067B739 /* TagSelectorView.swift */,
			);
			path = Component;
			sourceTree = "<group>";
		};
		3A6F6D082E01538D0006F945 /* Extensions */ = {
			isa = PBXGroup;
			children = (
				3A6F6D0B2E0153F00006F945 /* Color+Theme.swift */,
				3A6F6CF62E00FB7D0006F945 /* Binding+extension.swift */,
				3A6F6CF72E00FB7D0006F945 /* UIView+extension.swift */,
			);
			path = Extensions;
			sourceTree = "<group>";
		};
		3A6F6D092E0153AD0006F945 /* MainTab */ = {
			isa = PBXGroup;
			children = (
				3A6F6D0A2E0153B20006F945 /* Views */,
			);
			path = MainTab;
			sourceTree = "<group>";
		};
		3A6F6D0A2E0153B20006F945 /* Views */ = {
			isa = PBXGroup;
			children = (
				3A6F6CF12E00FB7D0006F945 /* MainTabView.swift */,
			);
			path = Views;
			sourceTree = "<group>";
		};
		3A90F5F42DD5DCE100519994 /* AppLocalization */ = {
			isa = PBXGroup;
			children = (
				3A90F5FC2DD5DFDB00519994 /* Localization.swift */,
				3A90F5F52DD5DD1700519994 /* Resources */,
			);
			path = AppLocalization;
			sourceTree = "<group>";
		};
		3A90F5F52DD5DD1700519994 /* Resources */ = {
			isa = PBXGroup;
			children = (
				3A90F5F72DD5DD2200519994 /* zh-Hant.lproj */,
				3A90F5F62DD5DD1A00519994 /* en.lproj */,
			);
			path = Resources;
			sourceTree = "<group>";
		};
		3A90F5F62DD5DD1A00519994 /* en.lproj */ = {
			isa = PBXGroup;
			children = (
				3A56B2E92DDADBAC008C2BE1 /* Localizable.strings */,
			);
			path = en.lproj;
			sourceTree = "<group>";
		};
		3A90F5F72DD5DD2200519994 /* zh-Hant.lproj */ = {
			isa = PBXGroup;
			children = (
				3A56B2ED2DDADF52008C2BE1 /* Localizable.strings */,
			);
			path = "zh-Hant.lproj";
			sourceTree = "<group>";
		};
		3A9EEAEF2D51FA29008A06F2 = {
			isa = PBXGroup;
			children = (
				3A62051F2D5350CB00B0507E /* HouseNote */,
				3A9EEAF92D51FA2A008A06F2 /* Products */,
			);
			sourceTree = "<group>";
		};
		3A9EEAF92D51FA2A008A06F2 /* Products */ = {
			isa = PBXGroup;
			children = (
				3A9EEAF82D51FA2A008A06F2 /* HouseNote.app */,
			);
			name = Products;
			sourceTree = "<group>";
		};
		3AA4B9FD2DB8C83200679E3B /* Features */ = {
			isa = PBXGroup;
			children = (
				3A6F6D092E0153AD0006F945 /* MainTab */,
				3AF945B62DE4078800FF8FA6 /* Notes */,
				3AF945AE2DE3F2D800FF8FA6 /* PropertyList */,
				3AA4B9FE2DB8C83C00679E3B /* NoteDetail */,
				3A05278F2E02B3EC0039EEC8 /* PriceDetail */,
			);
			path = Features;
			sourceTree = "<group>";
		};
		3AA4B9FE2DB8C83C00679E3B /* NoteDetail */ = {
			isa = PBXGroup;
			children = (
				3A6205182D5350CB00B0507E /* Views */,
				3AA4B9FF2DB8C88100679E3B /* ViewModel */,
				3AA4BA032DB8C8E200679E3B /* Model */,
				3AA4BA062DB8CCB000679E3B /* Dependencies */,
			);
			path = NoteDetail;
			sourceTree = "<group>";
		};
		3AA4B9FF2DB8C88100679E3B /* ViewModel */ = {
			isa = PBXGroup;
			children = (
				3A62051E2D5350CB00B0507E /* NoteDetailViewModel.swift */,
			);
			path = ViewModel;
			sourceTree = "<group>";
		};
		3AA4BA032DB8C8E200679E3B /* Model */ = {
			isa = PBXGroup;
			children = (
				3A62051D2D5350CB00B0507E /* PropertyModels.swift */,
				3A56B2F12DDB1853008C2BE1 /* SectionTemplates.swift */,
			);
			path = Model;
			sourceTree = "<group>";
		};
		3AA4BA042DB8C93300679E3B /* UI */ = {
			isa = PBXGroup;
			children = (
				3A6205122D5350CB00B0507E /* EditableNavTitleView.swift */,
				3AC849862DB1643300F7DB55 /* MultiFieldNumberPickerView.swift */,
			);
			path = UI;
			sourceTree = "<group>";
		};
		3AA4BA052DB8C93800679E3B /* Models */ = {
			isa = PBXGroup;
			children = (
				3AC849892DB1E9A600F7DB55 /* FormPickerModels.swift */,
			);
			path = Models;
			sourceTree = "<group>";
		};
		3AA4BA062DB8CCB000679E3B /* Dependencies */ = {
			isa = PBXGroup;
			children = (
				3AA4BA072DB8CCC300679E3B /* PropertyNotesDependency+Live.swift */,
			);
			path = Dependencies;
			sourceTree = "<group>";
		};
		3AC849882DB1E99A00F7DB55 /* Shared */ = {
			isa = PBXGroup;
			children = (
				3A90F5F42DD5DCE100519994 /* AppLocalization */,
				3A6F6D082E01538D0006F945 /* Extensions */,
				3AA4BA042DB8C93300679E3B /* UI */,
				3AA4BA052DB8C93800679E3B /* Models */,
			);
			path = Shared;
			sourceTree = "<group>";
		};
		3AF945AC2DE3F2D800FF8FA6 /* Views */ = {
			isa = PBXGroup;
			children = (
				3AF945AB2DE3F2D800FF8FA6 /* PropertyListView.swift */,
			);
			path = Views;
			sourceTree = "<group>";
		};
		3AF945AE2DE3F2D800FF8FA6 /* PropertyList */ = {
			isa = PBXGroup;
			children = (
				3AF945AC2DE3F2D800FF8FA6 /* Views */,
			);
			path = PropertyList;
			sourceTree = "<group>";
		};
		3AF945B62DE4078800FF8FA6 /* Notes */ = {
			isa = PBXGroup;
			children = (
				3AF945B82DE4079C00FF8FA6 /* ViewModel */,
				3AF945B72DE4079200FF8FA6 /* Model */,
			);
			path = Notes;
			sourceTree = "<group>";
		};
		3AF945B82DE4079C00FF8FA6 /* ViewModel */ = {
			isa = PBXGroup;
			children = (
				3AF945B92DE407B300FF8FA6 /* NotesViewModel.swift */,
			);
			path = ViewModel;
			sourceTree = "<group>";
		};
		3AF945EF2DED94AA00FF8FA6 /* Data */ = {
			isa = PBXGroup;
			children = (
				3AF945F02DED94B100FF8FA6 /* CoreData */,
			);
			path = Data;
			sourceTree = "<group>";
		};
		3AF945F02DED94B100FF8FA6 /* CoreData */ = {
			isa = PBXGroup;
			children = (
				3AF945F12DED951A00FF8FA6 /* HouseNote.xcdatamodeld */,
			);
			path = CoreData;
			sourceTree = "<group>";
		};
/* End PBXGroup section */

/* Begin PBXNativeTarget section */
		3A9EEAF72D51FA2A008A06F2 /* HouseNote */ = {
			isa = PBXNativeTarget;
			buildConfigurationList = 3A9EEB062D51FA2A008A06F2 /* Build configuration list for PBXNativeTarget "HouseNote" */;
			buildPhases = (
				3A271C072DB6A6E40014154B /* SwiftFormat */,
				3A4A91112DB68DCF00AAD30E /* Run SwiftLint */,
				3A9EEAF42D51FA2A008A06F2 /* Sources */,
				3A9EEAF52D51FA2A008A06F2 /* Frameworks */,
				3A9EEAF62D51FA2A008A06F2 /* Resources */,
			);
			buildRules = (
			);
			dependencies = (
			);
			fileSystemSynchronizedGroups = (
				3AF945B72DE4079200FF8FA6 /* Model */,
			);
			name = HouseNote;
			packageProductDependencies = (
			);
			productName = HouseNote;
			productReference = 3A9EEAF82D51FA2A008A06F2 /* HouseNote.app */;
			productType = "com.apple.product-type.application";
		};
/* End PBXNativeTarget section */

/* Begin PBXProject section */
		3A9EEAF02D51FA29008A06F2 /* Project object */ = {
			isa = PBXProject;
			attributes = {
				BuildIndependentTargetsInParallel = 1;
				LastSwiftUpdateCheck = 1620;
				LastUpgradeCheck = 1620;
				TargetAttributes = {
					3A9EEAF72D51FA2A008A06F2 = {
						CreatedOnToolsVersion = 16.2;
					};
				};
			};
			buildConfigurationList = 3A9EEAF32D51FA29008A06F2 /* Build configuration list for PBXProject "HouseNote" */;
			developmentRegion = en;
			hasScannedForEncodings = 0;
			knownRegions = (
				en,
				Base,
				zh,
				"zh-Hant",
			);
			mainGroup = 3A9EEAEF2D51FA29008A06F2;
			minimizedProjectReferenceProxies = 1;
			preferredProjectObjectVersion = 77;
			productRefGroup = 3A9EEAF92D51FA2A008A06F2 /* Products */;
			projectDirPath = "";
			projectRoot = "";
			targets = (
				3A9EEAF72D51FA2A008A06F2 /* HouseNote */,
			);
		};
/* End PBXProject section */

/* Begin PBXResourcesBuildPhase section */
		3A9EEAF62D51FA2A008A06F2 /* Resources */ = {
			isa = PBXResourcesBuildPhase;
			buildActionMask = 2147483647;
			files = (
				3A56B2EB2DDADBAC008C2BE1 /* Localizable.strings in Resources */,
				3A56B2EF2DDADF52008C2BE1 /* Localizable.strings in Resources */,
				3A6205202D5350CB00B0507E /* Preview Assets.xcassets in Resources */,
				3A6205212D5350CB00B0507E /* Assets.xcassets in Resources */,
			);
			runOnlyForDeploymentPostprocessing = 0;
		};
/* End PBXResourcesBuildPhase section */

/* Begin PBXShellScriptBuildPhase section */
		3A271C072DB6A6E40014154B /* SwiftFormat */ = {
			isa = PBXShellScriptBuildPhase;
			alwaysOutOfDate = 1;
			buildActionMask = 2147483647;
			files = (
			);
			inputFileListPaths = (
			);
			inputPaths = (
			);
			name = SwiftFormat;
			outputFileListPaths = (
			);
			outputPaths = (
			);
			runOnlyForDeploymentPostprocessing = 0;
			shellPath = /bin/sh;
			shellScript = "if which swiftformat > /dev/null; then\n  CONFIG_PATH=\"${SRCROOT}/.swiftformat\"\n\n  if [ -r \"$CONFIG_PATH\" ]; then\n    echo \"🧼 Running SwiftFormat...\"\n    swiftformat \"${SRCROOT}/HouseNote\" --config \"$CONFIG_PATH\" || {\n      echo \"❌ SwiftFormat failed\"\n      exit 1\n    }\n  else\n    echo \"⚠️ warning: Cannot read $CONFIG_PATH. Check file permissions or attributes.\"\n  fi\nelse\n  echo \"⚠️ warning: SwiftFormat not installed\"\nfi\n";
		};
		3A4A91112DB68DCF00AAD30E /* Run SwiftLint */ = {
			isa = PBXShellScriptBuildPhase;
			alwaysOutOfDate = 1;
			buildActionMask = 2147483647;
			files = (
			);
			inputFileListPaths = (
				"$(SRCROOT)/swiftlint_input_files.xcfilelist",
			);
			inputPaths = (
			);
			name = "Run SwiftLint";
			outputFileListPaths = (
			);
			outputPaths = (
				"$(DERIVED_FILE_DIR)/swiftlint.txt",
				"$(DERIVED_FILE_DIR)/swiftlint.log",
			);
			runOnlyForDeploymentPostprocessing = 0;
			shellPath = /bin/sh;
			shellScript = "if which swiftlint >/dev/null; then\n  swiftlint\nelse\n  echo \"warning: SwiftLint not installed\"\nfi\n";
		};
/* End PBXShellScriptBuildPhase section */

/* Begin PBXSourcesBuildPhase section */
		3A9EEAF42D51FA2A008A06F2 /* Sources */ = {
			isa = PBXSourcesBuildPhase;
			buildActionMask = 2147483647;
			files = (
				3A6F6D032E0146320006F945 /* SliderRenderer.swift in Sources */,
				3A6205222D5350CB00B0507E /* BackButton.swift in Sources */,
				3A56B2F22DDB1853008C2BE1 /* SectionTemplates.swift in Sources */,
				3A6205232D5350CB00B0507E /* LockButton.swift in Sources */,
				3A0527972E02B4300039EEC8 /* PriceEstimatorView.swift in Sources */,
				3A56B2C92DD5E72B008C2BE1 /* Localization.swift in Sources */,
				3A6205242D5350CB00B0507E /* SaveButton.swift in Sources */,
				3A6F6CFB2E01403D0006F945 /* TextFieldRenderer.swift in Sources */,
				3A6F6CFF2E01416D0006F945 /* MultiPickerRenderer.swift in Sources */,
				3A6205252D5350CB00B0507E /* EditableNavTitleView.swift in Sources */,
				3A0527932E02B4140039EEC8 /* PriceDetailCardView.swift in Sources */,
				3A05279C2E02BBEA0039EEC8 /* PriceDetailViewModel.swift in Sources */,
				3A6205262D5350CB00B0507E /* HeaderControlsView.swift in Sources */,
				3A6205272D5350CB00B0507E /* NoteDetailSectionsView.swift in Sources */,
				3A5D0DDB2DB094FC0036040E /* SectionCardView.swift in Sources */,
				3AA4BA082DB8CCCB00679E3B /* PropertyNotesDependency+Live.swift in Sources */,
				3AF945BA2DE407B500FF8FA6 /* NotesViewModel.swift in Sources */,
				3A6F6D052E0147530006F945 /* ToggleRenderer.swift in Sources */,
				3A6F6D072E01486C0006F945 /* NumberFieldRenderer.swift in Sources */,
				3A6205282D5350CB00B0507E /* ScoreView.swift in Sources */,
				3A56B2F42DDC25CF008C2BE1 /* ImagePicker.swift in Sources */,
				3AC849872DB1643700F7DB55 /* MultiFieldNumberPickerView.swift in Sources */,
				3A6205292D5350CB00B0507E /* NoteDetailView.swift in Sources */,
				3A6F6D0C2E0153F50006F945 /* Color+Theme.swift in Sources */,
				3A6F6D012E0143960006F945 /* TagSelectorRenderer.swift in Sources */,
				3A6F6CFD2E01410F0006F945 /* RowValueRenderer.swift in Sources */,
				3A62052B2D5350CB00B0507E /* HouseNoteApp.swift in Sources */,
				3A6F6CF82E00FB7D0006F945 /* Binding+extension.swift in Sources */,
				3A6F6CF92E00FB7D0006F945 /* UIView+extension.swift in Sources */,
				3AF945F32DED951A00FF8FA6 /* HouseNote.xcdatamodeld in Sources */,
				3AB06A192DD2EBF70067B739 /* TagSelectorView.swift in Sources */,
				3A62052D2D5350CB00B0507E /* PropertyModels.swift in Sources */,
				3A6F6CF32E00FB7D0006F945 /* MainTabView.swift in Sources */,
				3A62052E2D5350CB00B0507E /* NoteDetailViewModel.swift in Sources */,
				3A0527912E02B40B0039EEC8 /* PriceDetailView.swift in Sources */,
				3A5D0DD92DAFCD410036040E /* NoteDetailContentView.swift in Sources */,
				3AC8498A2DB1E9A800F7DB55 /* FormPickerModels.swift in Sources */,
				3A05279A2E02B5430039EEC8 /* ListingItem.swift in Sources */,
				3A05279E2E02C8F70039EEC8 /* PriceDetailAPI.swift in Sources */,
				3AF945AF2DE3F2D800FF8FA6 /* PropertyListView.swift in Sources */,
				3A62056A2D55996C00B0507E /* PhotoSectionView.swift in Sources */,
			);
			runOnlyForDeploymentPostprocessing = 0;
		};
/* End PBXSourcesBuildPhase section */

/* Begin PBXVariantGroup section */
		3A56B2E92DDADBAC008C2BE1 /* Localizable.strings */ = {
			isa = PBXVariantGroup;
			children = (
				3A56B2EA2DDADBAC008C2BE1 /* en */,
			);
			name = Localizable.strings;
			sourceTree = "<group>";
		};
		3A56B2ED2DDADF52008C2BE1 /* Localizable.strings */ = {
			isa = PBXVariantGroup;
			children = (
				3A56B2EE2DDADF52008C2BE1 /* zh-Hant */,
			);
			name = Localizable.strings;
			sourceTree = "<group>";
		};
/* End PBXVariantGroup section */

/* Begin XCBuildConfiguration section */
		3A9EEB042D51FA2A008A06F2 /* Debug */ = {
			isa = XCBuildConfiguration;
			buildSettings = {
				ALWAYS_SEARCH_USER_PATHS = NO;
				ASSETCATALOG_COMPILER_GENERATE_SWIFT_ASSET_SYMBOL_EXTENSIONS = YES;
				CLANG_ANALYZER_NONNULL = YES;
				CLANG_ANALYZER_NUMBER_OBJECT_CONVERSION = YES_AGGRESSIVE;
				CLANG_CXX_LANGUAGE_STANDARD = "gnu++20";
				CLANG_ENABLE_MODULES = YES;
				CLANG_ENABLE_OBJC_ARC = YES;
				CLANG_ENABLE_OBJC_WEAK = YES;
				CLANG_WARN_BLOCK_CAPTURE_AUTORELEASING = YES;
				CLANG_WARN_BOOL_CONVERSION = YES;
				CLANG_WARN_COMMA = YES;
				CLANG_WARN_CONSTANT_CONVERSION = YES;
				CLANG_WARN_DEPRECATED_OBJC_IMPLEMENTATIONS = YES;
				CLANG_WARN_DIRECT_OBJC_ISA_USAGE = YES_ERROR;
				CLANG_WARN_DOCUMENTATION_COMMENTS = YES;
				CLANG_WARN_EMPTY_BODY = YES;
				CLANG_WARN_ENUM_CONVERSION = YES;
				CLANG_WARN_INFINITE_RECURSION = YES;
				CLANG_WARN_INT_CONVERSION = YES;
				CLANG_WARN_NON_LITERAL_NULL_CONVERSION = YES;
				CLANG_WARN_OBJC_IMPLICIT_RETAIN_SELF = YES;
				CLANG_WARN_OBJC_LITERAL_CONVERSION = YES;
				CLANG_WARN_OBJC_ROOT_CLASS = YES_ERROR;
				CLANG_WARN_QUOTED_INCLUDE_IN_FRAMEWORK_HEADER = YES;
				CLANG_WARN_RANGE_LOOP_ANALYSIS = YES;
				CLANG_WARN_STRICT_PROTOTYPES = YES;
				CLANG_WARN_SUSPICIOUS_MOVE = YES;
				CLANG_WARN_UNGUARDED_AVAILABILITY = YES_AGGRESSIVE;
				CLANG_WARN_UNREACHABLE_CODE = YES;
				CLANG_WARN__DUPLICATE_METHOD_MATCH = YES;
				COPY_PHASE_STRIP = NO;
				DEBUG_INFORMATION_FORMAT = dwarf;
				ENABLE_STRICT_OBJC_MSGSEND = YES;
				ENABLE_TESTABILITY = YES;
				ENABLE_USER_SCRIPT_SANDBOXING = YES;
				GCC_C_LANGUAGE_STANDARD = gnu17;
				GCC_DYNAMIC_NO_PIC = NO;
				GCC_NO_COMMON_BLOCKS = YES;
				GCC_OPTIMIZATION_LEVEL = 0;
				GCC_PREPROCESSOR_DEFINITIONS = (
					"DEBUG=1",
					"$(inherited)",
				);
				GCC_WARN_64_TO_32_BIT_CONVERSION = YES;
				GCC_WARN_ABOUT_RETURN_TYPE = YES_ERROR;
				GCC_WARN_UNDECLARED_SELECTOR = YES;
				GCC_WARN_UNINITIALIZED_AUTOS = YES_AGGRESSIVE;
				GCC_WARN_UNUSED_FUNCTION = YES;
				GCC_WARN_UNUSED_VARIABLE = YES;
				IPHONEOS_DEPLOYMENT_TARGET = 18.2;
				LOCALIZATION_PREFERS_STRING_CATALOGS = YES;
				MTL_ENABLE_DEBUG_INFO = INCLUDE_SOURCE;
				MTL_FAST_MATH = YES;
				ONLY_ACTIVE_ARCH = YES;
				SDKROOT = iphoneos;
				SWIFT_ACTIVE_COMPILATION_CONDITIONS = "DEBUG $(inherited)";
				SWIFT_OPTIMIZATION_LEVEL = "-Onone";
			};
			name = Debug;
		};
		3A9EEB052D51FA2A008A06F2 /* Release */ = {
			isa = XCBuildConfiguration;
			buildSettings = {
				ALWAYS_SEARCH_USER_PATHS = NO;
				ASSETCATALOG_COMPILER_GENERATE_SWIFT_ASSET_SYMBOL_EXTENSIONS = YES;
				CLANG_ANALYZER_NONNULL = YES;
				CLANG_ANALYZER_NUMBER_OBJECT_CONVERSION = YES_AGGRESSIVE;
				CLANG_CXX_LANGUAGE_STANDARD = "gnu++20";
				CLANG_ENABLE_MODULES = YES;
				CLANG_ENABLE_OBJC_ARC = YES;
				CLANG_ENABLE_OBJC_WEAK = YES;
				CLANG_WARN_BLOCK_CAPTURE_AUTORELEASING = YES;
				CLANG_WARN_BOOL_CONVERSION = YES;
				CLANG_WARN_COMMA = YES;
				CLANG_WARN_CONSTANT_CONVERSION = YES;
				CLANG_WARN_DEPRECATED_OBJC_IMPLEMENTATIONS = YES;
				CLANG_WARN_DIRECT_OBJC_ISA_USAGE = YES_ERROR;
				CLANG_WARN_DOCUMENTATION_COMMENTS = YES;
				CLANG_WARN_EMPTY_BODY = YES;
				CLANG_WARN_ENUM_CONVERSION = YES;
				CLANG_WARN_INFINITE_RECURSION = YES;
				CLANG_WARN_INT_CONVERSION = YES;
				CLANG_WARN_NON_LITERAL_NULL_CONVERSION = YES;
				CLANG_WARN_OBJC_IMPLICIT_RETAIN_SELF = YES;
				CLANG_WARN_OBJC_LITERAL_CONVERSION = YES;
				CLANG_WARN_OBJC_ROOT_CLASS = YES_ERROR;
				CLANG_WARN_QUOTED_INCLUDE_IN_FRAMEWORK_HEADER = YES;
				CLANG_WARN_RANGE_LOOP_ANALYSIS = YES;
				CLANG_WARN_STRICT_PROTOTYPES = YES;
				CLANG_WARN_SUSPICIOUS_MOVE = YES;
				CLANG_WARN_UNGUARDED_AVAILABILITY = YES_AGGRESSIVE;
				CLANG_WARN_UNREACHABLE_CODE = YES;
				CLANG_WARN__DUPLICATE_METHOD_MATCH = YES;
				COPY_PHASE_STRIP = NO;
				DEBUG_INFORMATION_FORMAT = "dwarf-with-dsym";
				ENABLE_NS_ASSERTIONS = NO;
				ENABLE_STRICT_OBJC_MSGSEND = YES;
				ENABLE_USER_SCRIPT_SANDBOXING = YES;
				GCC_C_LANGUAGE_STANDARD = gnu17;
				GCC_NO_COMMON_BLOCKS = YES;
				GCC_WARN_64_TO_32_BIT_CONVERSION = YES;
				GCC_WARN_ABOUT_RETURN_TYPE = YES_ERROR;
				GCC_WARN_UNDECLARED_SELECTOR = YES;
				GCC_WARN_UNINITIALIZED_AUTOS = YES_AGGRESSIVE;
				GCC_WARN_UNUSED_FUNCTION = YES;
				GCC_WARN_UNUSED_VARIABLE = YES;
				IPHONEOS_DEPLOYMENT_TARGET = 18.2;
				LOCALIZATION_PREFERS_STRING_CATALOGS = YES;
				MTL_ENABLE_DEBUG_INFO = NO;
				MTL_FAST_MATH = YES;
				SDKROOT = iphoneos;
				SWIFT_COMPILATION_MODE = wholemodule;
				VALIDATE_PRODUCT = YES;
			};
			name = Release;
		};
		3A9EEB072D51FA2A008A06F2 /* Debug */ = {
			isa = XCBuildConfiguration;
			buildSettings = {
				ASSETCATALOG_COMPILER_APPICON_NAME = AppIcon;
				ASSETCATALOG_COMPILER_GLOBAL_ACCENT_COLOR_NAME = AccentColor;
				CODE_SIGN_STYLE = Automatic;
				CURRENT_PROJECT_VERSION = 1;
				DEVELOPMENT_ASSET_PATHS = "\"HouseNote/Preview Content\"";
				DEVELOPMENT_TEAM = X86UA9G76F;
				ENABLE_PREVIEWS = YES;
				GENERATE_INFOPLIST_FILE = YES;
				INFOPLIST_KEY_UIApplicationSceneManifest_Generation = YES;
				INFOPLIST_KEY_UIApplicationSupportsIndirectInputEvents = YES;
				INFOPLIST_KEY_UILaunchScreen_Generation = YES;
				INFOPLIST_KEY_UISupportedInterfaceOrientations_iPad = "UIInterfaceOrientationPortrait UIInterfaceOrientationPortraitUpsideDown UIInterfaceOrientationLandscapeLeft UIInterfaceOrientationLandscapeRight";
				INFOPLIST_KEY_UISupportedInterfaceOrientations_iPhone = "UIInterfaceOrientationPortrait UIInterfaceOrientationLandscapeLeft UIInterfaceOrientationLandscapeRight";
				LD_RUNPATH_SEARCH_PATHS = (
					"$(inherited)",
					"@executable_path/Frameworks",
				);
				MARKETING_VERSION = 1.0;
				PRODUCT_BUNDLE_IDENTIFIER = com.Sally.HouseNote;
				PRODUCT_NAME = "$(TARGET_NAME)";
				SWIFT_EMIT_LOC_STRINGS = YES;
				SWIFT_VERSION = 5.0;
				TARGETED_DEVICE_FAMILY = "1,2";
			};
			name = Debug;
		};
		3A9EEB082D51FA2A008A06F2 /* Release */ = {
			isa = XCBuildConfiguration;
			buildSettings = {
				ASSETCATALOG_COMPILER_APPICON_NAME = AppIcon;
				ASSETCATALOG_COMPILER_GLOBAL_ACCENT_COLOR_NAME = AccentColor;
				CODE_SIGN_STYLE = Automatic;
				CURRENT_PROJECT_VERSION = 1;
				DEVELOPMENT_ASSET_PATHS = "\"HouseNote/Preview Content\"";
				DEVELOPMENT_TEAM = X86UA9G76F;
				ENABLE_PREVIEWS = YES;
				GENERATE_INFOPLIST_FILE = YES;
				INFOPLIST_KEY_UIApplicationSceneManifest_Generation = YES;
				INFOPLIST_KEY_UIApplicationSupportsIndirectInputEvents = YES;
				INFOPLIST_KEY_UILaunchScreen_Generation = YES;
				INFOPLIST_KEY_UISupportedInterfaceOrientations_iPad = "UIInterfaceOrientationPortrait UIInterfaceOrientationPortraitUpsideDown UIInterfaceOrientationLandscapeLeft UIInterfaceOrientationLandscapeRight";
				INFOPLIST_KEY_UISupportedInterfaceOrientations_iPhone = "UIInterfaceOrientationPortrait UIInterfaceOrientationLandscapeLeft UIInterfaceOrientationLandscapeRight";
				LD_RUNPATH_SEARCH_PATHS = (
					"$(inherited)",
					"@executable_path/Frameworks",
				);
				MARKETING_VERSION = 1.0;
				PRODUCT_BUNDLE_IDENTIFIER = com.Sally.HouseNote;
				PRODUCT_NAME = "$(TARGET_NAME)";
				SWIFT_EMIT_LOC_STRINGS = YES;
				SWIFT_VERSION = 5.0;
				TARGETED_DEVICE_FAMILY = "1,2";
			};
			name = Release;
		};
/* End XCBuildConfiguration section */

/* Begin XCConfigurationList section */
		3A9EEAF32D51FA29008A06F2 /* Build configuration list for PBXProject "HouseNote" */ = {
			isa = XCConfigurationList;
			buildConfigurations = (
				3A9EEB042D51FA2A008A06F2 /* Debug */,
				3A9EEB052D51FA2A008A06F2 /* Release */,
			);
			defaultConfigurationIsVisible = 0;
			defaultConfigurationName = Release;
		};
		3A9EEB062D51FA2A008A06F2 /* Build configuration list for PBXNativeTarget "HouseNote" */ = {
			isa = XCConfigurationList;
			buildConfigurations = (
				3A9EEB072D51FA2A008A06F2 /* Debug */,
				3A9EEB082D51FA2A008A06F2 /* Release */,
			);
			defaultConfigurationIsVisible = 0;
			defaultConfigurationName = Release;
		};
/* End XCConfigurationList section */

/* Begin XCVersionGroup section */
		3AF945F12DED951A00FF8FA6 /* HouseNote.xcdatamodeld */ = {
			isa = XCVersionGroup;
			children = (
				3AF945F22DED951A00FF8FA6 /* HouseNote.xcdatamodel */,
			);
			currentVersion = 3AF945F22DED951A00FF8FA6 /* HouseNote.xcdatamodel */;
			path = HouseNote.xcdatamodeld;
			sourceTree = "<group>";
			versionGroupType = wrapper.xcdatamodel;
		};
/* End XCVersionGroup section */
	};
	rootObject = 3A9EEAF02D51FA29008A06F2 /* Project object */;
}
